
Microsoft Visual Studio Solution File, Format Version 12.00
# Visual Studio Version 16
VisualStudioVersion = 16.0.31321.278
MinimumVisualStudioVersion = 10.0.40219.1
Project("{FAE04EC0-301F-11D3-BF4B-00C04F79EFBC}") = "Tunica", "Tunica\Tunica.csproj", "{FA31EF05-E774-4186-9EF7-B7B93BAF0A6B}"
EndProject
Project("{FAE04EC0-301F-11D3-BF4B-00C04F79EFBC}") = "Tunica.Tests", "Tunica.Tests\Tunica.Tests.csproj", "{758708DA-A3E2-46FE-829C-85A4E80E8391}"
EndProject
Global
	GlobalSection(SolutionConfigurationPlatforms) = preSolution
		Debug|Any CPU = Debug|Any CPU
		Release|Any CPU = Release|Any CPU
	EndGlobalSection
	GlobalSection(ProjectConfigurationPlatforms) = postSolution
		{FA31EF05-E774-4186-9EF7-B7B93BAF0A6B}.Debug|Any CPU.ActiveCfg = Debug|Any CPU
		{FA31EF05-E774-4186-9EF7-B7B93BAF0A6B}.Debug|Any CPU.Build.0 = Debug|Any CPU
		{FA31EF05-E774-4186-9EF7-B7B93BAF0A6B}.Release|Any CPU.ActiveCfg = Release|Any CPU
		{FA31EF05-E774-4186-9EF7-B7B93BAF0A6B}.Release|Any CPU.Build.0 = Release|Any CPU
		{758708DA-A3E2-46FE-829C-85A4E80E8391}.Debug|Any CPU.ActiveCfg = Debug|Any CPU
		{758708DA-A3E2-46FE-829C-85A4E80E8391}.Debug|Any CPU.Build.0 = Debug|Any CPU
		{758708DA-A3E2-46FE-829C-85A4E80E8391}.Release|Any CPU.ActiveCfg = Release|Any CPU
		{758708DA-A3E2-46FE-829C-85A4E80E8391}.Release|Any CPU.Build.0 = Release|Any CPU
	EndGlobalSection
	GlobalSection(SolutionProperties) = preSolution
		HideSolutionNode = FALSE
	EndGlobalSection
	GlobalSection(ExtensibilityGlobals) = postSolution
		SolutionGuid = {3E567E5C-AED2-403C-B939-1276358DFD5C}
	EndGlobalSection
EndGlobal
